// !$*UTF8*$!
{
	archiveVersion = 1;
	classes = {
	};
	objectVersion = 46;
	objects = {

/* Begin PBXBuildFile section */
		7607A1DA1ECFEAFA00E966AC /* ImageStore.swift in Sources */ = {isa = PBXBuildFile; fileRef = 7607A1D91ECFEAFA00E966AC /* ImageStore.swift */; };
		7607A1DC1ECFEBF700E966AC /* PhotoInfoViewController.swift in Sources */ = {isa = PBXBuildFile; fileRef = 7607A1DB1ECFEBF700E966AC /* PhotoInfoViewController.swift */; };
		7607A1DF1ECFF37A00E966AC /* Photorama.xcdatamodeld in Sources */ = {isa = PBXBuildFile; fileRef = 7607A1DD1ECFF37A00E966AC /* Photorama.xcdatamodeld */; };
		7607A1E21ECFF4F200E966AC /* Photo+CoreDataClass.swift in Sources */ = {isa = PBXBuildFile; fileRef = 7607A1E01ECFF4F200E966AC /* Photo+CoreDataClass.swift */; };
		7607A1E51ED0D8D900E966AC /* Photo+CoreDataProperties.swift in Sources */ = {isa = PBXBuildFile; fileRef = 7607A1E41ED0D8D900E966AC /* Photo+CoreDataProperties.swift */; };
		7607A1E71ED0D9D600E966AC /* TagsViewController.swift in Sources */ = {isa = PBXBuildFile; fileRef = 7607A1E61ED0D9D600E966AC /* TagsViewController.swift */; };
		7607A1E91ED0DA4400E966AC /* TagDataSource.swift in Sources */ = {isa = PBXBuildFile; fileRef = 7607A1E81ED0DA4400E966AC /* TagDataSource.swift */; };
		7655DFED1ECDB81C002730CC /* AppDelegate.swift in Sources */ = {isa = PBXBuildFile; fileRef = 7655DFEC1ECDB81C002730CC /* AppDelegate.swift */; };
		7655DFF21ECDB81C002730CC /* Main.storyboard in Resources */ = {isa = PBXBuildFile; fileRef = 7655DFF01ECDB81C002730CC /* Main.storyboard */; };
		7655DFF41ECDB81C002730CC /* Assets.xcassets in Resources */ = {isa = PBXBuildFile; fileRef = 7655DFF31ECDB81C002730CC /* Assets.xcassets */; };
		7655DFF71ECDB81C002730CC /* LaunchScreen.storyboard in Resources */ = {isa = PBXBuildFile; fileRef = 7655DFF51ECDB81C002730CC /* LaunchScreen.storyboard */; };
		7655E0021ECDB81C002730CC /* PhotoramaTests.swift in Sources */ = {isa = PBXBuildFile; fileRef = 7655E0011ECDB81C002730CC /* PhotoramaTests.swift */; };
		7655E00D1ECDB81C002730CC /* PhotoramaUITests.swift in Sources */ = {isa = PBXBuildFile; fileRef = 7655E00C1ECDB81C002730CC /* PhotoramaUITests.swift */; };
		7655E01B1ECDB875002730CC /* PhotosViewController.swift in Sources */ = {isa = PBXBuildFile; fileRef = 7655E01A1ECDB875002730CC /* PhotosViewController.swift */; };
		7655E01D1ECE0AED002730CC /* FlickrAPI.swift in Sources */ = {isa = PBXBuildFile; fileRef = 7655E01C1ECE0AED002730CC /* FlickrAPI.swift */; };
		7655E01F1ECE0ED8002730CC /* PhotoStore.swift in Sources */ = {isa = PBXBuildFile; fileRef = 7655E01E1ECE0ED8002730CC /* PhotoStore.swift */; };
		7655E0231ECF09C1002730CC /* PhotoDataSource.swift in Sources */ = {isa = PBXBuildFile; fileRef = 7655E0221ECF09C1002730CC /* PhotoDataSource.swift */; };
		7655E0251ECF8A78002730CC /* PhotoCollectionViewCell.swift in Sources */ = {isa = PBXBuildFile; fileRef = 7655E0241ECF8A78002730CC /* PhotoCollectionViewCell.swift */; };
/* End PBXBuildFile section */

/* Begin PBXContainerItemProxy section */
		7655DFFE1ECDB81C002730CC /* PBXContainerItemProxy */ = {
			isa = PBXContainerItemProxy;
			containerPortal = 7655DFE11ECDB81C002730CC /* Project object */;
			proxyType = 1;
			remoteGlobalIDString = 7655DFE81ECDB81C002730CC;
			remoteInfo = Photorama;
		};
		7655E0091ECDB81C002730CC /* PBXContainerItemProxy */ = {
			isa = PBXContainerItemProxy;
			containerPortal = 7655DFE11ECDB81C002730CC /* Project object */;
			proxyType = 1;
			remoteGlobalIDString = 7655DFE81ECDB81C002730CC;
			remoteInfo = Photorama;
		};
/* End PBXContainerItemProxy section */

/* Begin PBXFileReference section */
		7607A1D91ECFEAFA00E966AC /* ImageStore.swift */ = {isa = PBXFileReference; fileEncoding = 4; lastKnownFileType = sourcecode.swift; path = ImageStore.swift; sourceTree = "<group>"; };
		7607A1DB1ECFEBF700E966AC /* PhotoInfoViewController.swift */ = {isa = PBXFileReference; fileEncoding = 4; lastKnownFileType = sourcecode.swift; path = PhotoInfoViewController.swift; sourceTree = "<group>"; };
		7607A1DE1ECFF37A00E966AC /* Photorama.xcdatamodel */ = {isa = PBXFileReference; lastKnownFileType = wrapper.xcdatamodel; path = Photorama.xcdatamodel; sourceTree = "<group>"; };
		7607A1E01ECFF4F200E966AC /* Photo+CoreDataClass.swift */ = {isa = PBXFileReference; fileEncoding = 4; lastKnownFileType = sourcecode.swift; name = "Photo+CoreDataClass.swift"; path = "../Photo+CoreDataClass.swift"; sourceTree = "<group>"; };
		7607A1E41ED0D8D900E966AC /* Photo+CoreDataProperties.swift */ = {isa = PBXFileReference; fileEncoding = 4; lastKnownFileType = sourcecode.swift; name = "Photo+CoreDataProperties.swift"; path = "../Photo+CoreDataProperties.swift"; sourceTree = "<group>"; };
		7607A1E61ED0D9D600E966AC /* TagsViewController.swift */ = {isa = PBXFileReference; fileEncoding = 4; lastKnownFileType = sourcecode.swift; path = TagsViewController.swift; sourceTree = "<group>"; };
		7607A1E81ED0DA4400E966AC /* TagDataSource.swift */ = {isa = PBXFileReference; fileEncoding = 4; lastKnownFileType = sourcecode.swift; path = TagDataSource.swift; sourceTree = "<group>"; };
		7655DFE91ECDB81C002730CC /* Photorama.app */ = {isa = PBXFileReference; explicitFileType = wrapper.application; includeInIndex = 0; path = Photorama.app; sourceTree = BUILT_PRODUCTS_DIR; };
		7655DFEC1ECDB81C002730CC /* AppDelegate.swift */ = {isa = PBXFileReference; lastKnownFileType = sourcecode.swift; path = AppDelegate.swift; sourceTree = "<group>"; };
		7655DFF11ECDB81C002730CC /* Base */ = {isa = PBXFileReference; lastKnownFileType = file.storyboard; name = Base; path = Base.lproj/Main.storyboard; sourceTree = "<group>"; };
		7655DFF31ECDB81C002730CC /* Assets.xcassets */ = {isa = PBXFileReference; lastKnownFileType = folder.assetcatalog; path = Assets.xcassets; sourceTree = "<group>"; };
		7655DFF61ECDB81C002730CC /* Base */ = {isa = PBXFileReference; lastKnownFileType = file.storyboard; name = Base; path = Base.lproj/LaunchScreen.storyboard; sourceTree = "<group>"; };
		7655DFF81ECDB81C002730CC /* Info.plist */ = {isa = PBXFileReference; lastKnownFileType = text.plist.xml; path = Info.plist; sourceTree = "<group>"; };
		7655DFFD1ECDB81C002730CC /* PhotoramaTests.xctest */ = {isa = PBXFileReference; explicitFileType = wrapper.cfbundle; includeInIndex = 0; path = PhotoramaTests.xctest; sourceTree = BUILT_PRODUCTS_DIR; };
		7655E0011ECDB81C002730CC /* PhotoramaTests.swift */ = {isa = PBXFileReference; lastKnownFileType = sourcecode.swift; path = PhotoramaTests.swift; sourceTree = "<group>"; };
		7655E0031ECDB81C002730CC /* Info.plist */ = {isa = PBXFileReference; lastKnownFileType = text.plist.xml; path = Info.plist; sourceTree = "<group>"; };
		7655E0081ECDB81C002730CC /* PhotoramaUITests.xctest */ = {isa = PBXFileReference; explicitFileType = wrapper.cfbundle; includeInIndex = 0; path = PhotoramaUITests.xctest; sourceTree = BUILT_PRODUCTS_DIR; };
		7655E00C1ECDB81C002730CC /* PhotoramaUITests.swift */ = {isa = PBXFileReference; lastKnownFileType = sourcecode.swift; path = PhotoramaUITests.swift; sourceTree = "<group>"; };
		7655E00E1ECDB81C002730CC /* Info.plist */ = {isa = PBXFileReference; lastKnownFileType = text.plist.xml; path = Info.plist; sourceTree = "<group>"; };
		7655E01A1ECDB875002730CC /* PhotosViewController.swift */ = {isa = PBXFileReference; fileEncoding = 4; lastKnownFileType = sourcecode.swift; name = PhotosViewController.swift; path = ../PhotosViewController.swift; sourceTree = "<group>"; };
		7655E01C1ECE0AED002730CC /* FlickrAPI.swift */ = {isa = PBXFileReference; fileEncoding = 4; lastKnownFileType = sourcecode.swift; path = FlickrAPI.swift; sourceTree = "<group>"; };
		7655E01E1ECE0ED8002730CC /* PhotoStore.swift */ = {isa = PBXFileReference; fileEncoding = 4; lastKnownFileType = sourcecode.swift; path = PhotoStore.swift; sourceTree = "<group>"; };
		7655E0221ECF09C1002730CC /* PhotoDataSource.swift */ = {isa = PBXFileReference; fileEncoding = 4; lastKnownFileType = sourcecode.swift; path = PhotoDataSource.swift; sourceTree = "<group>"; };
		7655E0241ECF8A78002730CC /* PhotoCollectionViewCell.swift */ = {isa = PBXFileReference; fileEncoding = 4; lastKnownFileType = sourcecode.swift; path = PhotoCollectionViewCell.swift; sourceTree = "<group>"; };
/* End PBXFileReference section */

/* Begin PBXFrameworksBuildPhase section */
		7655DFE61ECDB81C002730CC /* Frameworks */ = {
			isa = PBXFrameworksBuildPhase;
			buildActionMask = 2147483647;
			files = (
			);
			runOnlyForDeploymentPostprocessing = 0;
		};
		7655DFFA1ECDB81C002730CC /* Frameworks */ = {
			isa = PBXFrameworksBuildPhase;
			buildActionMask = 2147483647;
			files = (
			);
			runOnlyForDeploymentPostprocessing = 0;
		};
		7655E0051ECDB81C002730CC /* Frameworks */ = {
			isa = PBXFrameworksBuildPhase;
			buildActionMask = 2147483647;
			files = (
			);
			runOnlyForDeploymentPostprocessing = 0;
		};
/* End PBXFrameworksBuildPhase section */

/* Begin PBXGroup section */
		7655DFE01ECDB81C002730CC = {
			isa = PBXGroup;
			children = (
				7655DFEB1ECDB81C002730CC /* Photorama */,
				7655E0001ECDB81C002730CC /* PhotoramaTests */,
				7655E00B1ECDB81C002730CC /* PhotoramaUITests */,
				7655DFEA1ECDB81C002730CC /* Products */,
			);
			sourceTree = "<group>";
		};
		7655DFEA1ECDB81C002730CC /* Products */ = {
			isa = PBXGroup;
			children = (
				7655DFE91ECDB81C002730CC /* Photorama.app */,
				7655DFFD1ECDB81C002730CC /* PhotoramaTests.xctest */,
				7655E0081ECDB81C002730CC /* PhotoramaUITests.xctest */,
			);
			name = Products;
			sourceTree = "<group>";
		};
		7655DFEB1ECDB81C002730CC /* Photorama */ = {
			isa = PBXGroup;
			children = (
				7607A1D91ECFEAFA00E966AC /* ImageStore.swift */,
				7607A1E41ED0D8D900E966AC /* Photo+CoreDataProperties.swift */,
				7607A1E01ECFF4F200E966AC /* Photo+CoreDataClass.swift */,
				7655DFEC1ECDB81C002730CC /* AppDelegate.swift */,
				7655E01A1ECDB875002730CC /* PhotosViewController.swift */,
				7607A1DD1ECFF37A00E966AC /* Photorama.xcdatamodeld */,
				7655E01C1ECE0AED002730CC /* FlickrAPI.swift */,
				7655E01E1ECE0ED8002730CC /* PhotoStore.swift */,
				7607A1DB1ECFEBF700E966AC /* PhotoInfoViewController.swift */,
				7655DFF01ECDB81C002730CC /* Main.storyboard */,
				7607A1E61ED0D9D600E966AC /* TagsViewController.swift */,
				7607A1E81ED0DA4400E966AC /* TagDataSource.swift */,
				7655E0241ECF8A78002730CC /* PhotoCollectionViewCell.swift */,
				7655E0221ECF09C1002730CC /* PhotoDataSource.swift */,
				7655DFF31ECDB81C002730CC /* Assets.xcassets */,
				7655DFF51ECDB81C002730CC /* LaunchScreen.storyboard */,
				7655DFF81ECDB81C002730CC /* Info.plist */,
			);
			path = Photorama;
			sourceTree = "<group>";
		};
		7655E0001ECDB81C002730CC /* PhotoramaTests */ = {
			isa = PBXGroup;
			children = (
				7655E0011ECDB81C002730CC /* PhotoramaTests.swift */,
				7655E0031ECDB81C002730CC /* Info.plist */,
			);
			path = PhotoramaTests;
			sourceTree = "<group>";
		};
		7655E00B1ECDB81C002730CC /* PhotoramaUITests */ = {
			isa = PBXGroup;
			children = (
				7655E00C1ECDB81C002730CC /* PhotoramaUITests.swift */,
				7655E00E1ECDB81C002730CC /* Info.plist */,
			);
			path = PhotoramaUITests;
			sourceTree = "<group>";
		};
/* End PBXGroup section */

/* Begin PBXNativeTarget section */
		7655DFE81ECDB81C002730CC /* Photorama */ = {
			isa = PBXNativeTarget;
			buildConfigurationList = 7655E0111ECDB81C002730CC /* Build configuration list for PBXNativeTarget "Photorama" */;
			buildPhases = (
				7655DFE51ECDB81C002730CC /* Sources */,
				7655DFE61ECDB81C002730CC /* Frameworks */,
				7655DFE71ECDB81C002730CC /* Resources */,
			);
			buildRules = (
			);
			dependencies = (
			);
			name = Photorama;
			productName = Photorama;
			productReference = 7655DFE91ECDB81C002730CC /* Photorama.app */;
			productType = "com.apple.product-type.application";
		};
		7655DFFC1ECDB81C002730CC /* PhotoramaTests */ = {
			isa = PBXNativeTarget;
			buildConfigurationList = 7655E0141ECDB81C002730CC /* Build configuration list for PBXNativeTarget "PhotoramaTests" */;
			buildPhases = (
				7655DFF91ECDB81C002730CC /* Sources */,
				7655DFFA1ECDB81C002730CC /* Frameworks */,
				7655DFFB1ECDB81C002730CC /* Resources */,
			);
			buildRules = (
			);
			dependencies = (
				7655DFFF1ECDB81C002730CC /* PBXTargetDependency */,
			);
			name = PhotoramaTests;
			productName = PhotoramaTests;
			productReference = 7655DFFD1ECDB81C002730CC /* PhotoramaTests.xctest */;
			productType = "com.apple.product-type.bundle.unit-test";
		};
		7655E0071ECDB81C002730CC /* PhotoramaUITests */ = {
			isa = PBXNativeTarget;
			buildConfigurationList = 7655E0171ECDB81C002730CC /* Build configuration list for PBXNativeTarget "PhotoramaUITests" */;
			buildPhases = (
				7655E0041ECDB81C002730CC /* Sources */,
				7655E0051ECDB81C002730CC /* Frameworks */,
				7655E0061ECDB81C002730CC /* Resources */,
			);
			buildRules = (
			);
			dependencies = (
				7655E00A1ECDB81C002730CC /* PBXTargetDependency */,
			);
			name = PhotoramaUITests;
			productName = PhotoramaUITests;
			productReference = 7655E0081ECDB81C002730CC /* PhotoramaUITests.xctest */;
			productType = "com.apple.product-type.bundle.ui-testing";
		};
/* End PBXNativeTarget section */

/* Begin PBXProject section */
		7655DFE11ECDB81C002730CC /* Project object */ = {
			isa = PBXProject;
			attributes = {
				LastSwiftUpdateCheck = 0830;
				LastUpgradeCheck = 0830;
				ORGANIZATIONNAME = "Zack Falgout";
				TargetAttributes = {
					7655DFE81ECDB81C002730CC = {
						CreatedOnToolsVersion = 8.3.2;
						ProvisioningStyle = Automatic;
					};
					7655DFFC1ECDB81C002730CC = {
						CreatedOnToolsVersion = 8.3.2;
						ProvisioningStyle = Automatic;
						TestTargetID = 7655DFE81ECDB81C002730CC;
					};
					7655E0071ECDB81C002730CC = {
						CreatedOnToolsVersion = 8.3.2;
						ProvisioningStyle = Automatic;
						TestTargetID = 7655DFE81ECDB81C002730CC;
					};
				};
			};
			buildConfigurationList = 7655DFE41ECDB81C002730CC /* Build configuration list for PBXProject "Photorama" */;
			compatibilityVersion = "Xcode 3.2";
			developmentRegion = English;
			hasScannedForEncodings = 0;
			knownRegions = (
				en,
				Base,
			);
			mainGroup = 7655DFE01ECDB81C002730CC;
			productRefGroup = 7655DFEA1ECDB81C002730CC /* Products */;
			projectDirPath = "";
			projectRoot = "";
			targets = (
				7655DFE81ECDB81C002730CC /* Photorama */,
				7655DFFC1ECDB81C002730CC /* PhotoramaTests */,
				7655E0071ECDB81C002730CC /* PhotoramaUITests */,
			);
		};
/* End PBXProject section */

/* Begin PBXResourcesBuildPhase section */
		7655DFE71ECDB81C002730CC /* Resources */ = {
			isa = PBXResourcesBuildPhase;
			buildActionMask = 2147483647;
			files = (
				7655DFF71ECDB81C002730CC /* LaunchScreen.storyboard in Resources */,
				7655DFF41ECDB81C002730CC /* Assets.xcassets in Resources */,
				7655DFF21ECDB81C002730CC /* Main.storyboard in Resources */,
			);
			runOnlyForDeploymentPostprocessing = 0;
		};
		7655DFFB1ECDB81C002730CC /* Resources */ = {
			isa = PBXResourcesBuildPhase;
			buildActionMask = 2147483647;
			files = (
			);
			runOnlyForDeploymentPostprocessing = 0;
		};
		7655E0061ECDB81C002730CC /* Resources */ = {
			isa = PBXResourcesBuildPhase;
			buildActionMask = 2147483647;
			files = (
			);
			runOnlyForDeploymentPostprocessing = 0;
		};
/* End PBXResourcesBuildPhase section */

/* Begin PBXSourcesBuildPhase section */
		7655DFE51ECDB81C002730CC /* Sources */ = {
			isa = PBXSourcesBuildPhase;
			buildActionMask = 2147483647;
			files = (
				7607A1E21ECFF4F200E966AC /* Photo+CoreDataClass.swift in Sources */,
				7607A1E91ED0DA4400E966AC /* TagDataSource.swift in Sources */,
				7655E01D1ECE0AED002730CC /* FlickrAPI.swift in Sources */,
				7655E01B1ECDB875002730CC /* PhotosViewController.swift in Sources */,
				7655E01F1ECE0ED8002730CC /* PhotoStore.swift in Sources */,
				7607A1DA1ECFEAFA00E966AC /* ImageStore.swift in Sources */,
				7607A1E71ED0D9D600E966AC /* TagsViewController.swift in Sources */,
				7655E0231ECF09C1002730CC /* PhotoDataSource.swift in Sources */,
				7607A1DF1ECFF37A00E966AC /* Photorama.xcdatamodeld in Sources */,
				7655E0251ECF8A78002730CC /* PhotoCollectionViewCell.swift in Sources */,
				7607A1E51ED0D8D900E966AC /* Photo+CoreDataProperties.swift in Sources */,
				7655DFED1ECDB81C002730CC /* AppDelegate.swift in Sources */,
				7607A1DC1ECFEBF700E966AC /* PhotoInfoViewController.swift in Sources */,
			);
			runOnlyForDeploymentPostprocessing = 0;
		};
		7655DFF91ECDB81C002730CC /* Sources */ = {
			isa = PBXSourcesBuildPhase;
			buildActionMask = 2147483647;
			files = (
				7655E0021ECDB81C002730CC /* PhotoramaTests.swift in Sources */,
			);
			runOnlyForDeploymentPostprocessing = 0;
		};
		7655E0041ECDB81C002730CC /* Sources */ = {
			isa = PBXSourcesBuildPhase;
			buildActionMask = 2147483647;
			files = (
				7655E00D1ECDB81C002730CC /* PhotoramaUITests.swift in Sources */,
			);
			runOnlyForDeploymentPostprocessing = 0;
		};
/* End PBXSourcesBuildPhase section */

/* Begin PBXTargetDependency section */
		7655DFFF1ECDB81C002730CC /* PBXTargetDependency */ = {
			isa = PBXTargetDependency;
			target = 7655DFE81ECDB81C002730CC /* Photorama */;
			targetProxy = 7655DFFE1ECDB81C002730CC /* PBXContainerItemProxy */;
		};
		7655E00A1ECDB81C002730CC /* PBXTargetDependency */ = {
			isa = PBXTargetDependency;
			target = 7655DFE81ECDB81C002730CC /* Photorama */;
			targetProxy = 7655E0091ECDB81C002730CC /* PBXContainerItemProxy */;
		};
/* End PBXTargetDependency section */

/* Begin PBXVariantGroup section */
		7655DFF01ECDB81C002730CC /* Main.storyboard */ = {
			isa = PBXVariantGroup;
			children = (
				7655DFF11ECDB81C002730CC /* Base */,
			);
			name = Main.storyboard;
			sourceTree = "<group>";
		};
		7655DFF51ECDB81C002730CC /* LaunchScreen.storyboard */ = {
			isa = PBXVariantGroup;
			children = (
				7655DFF61ECDB81C002730CC /* Base */,
			);
			name = LaunchScreen.storyboard;
			sourceTree = "<group>";
		};
/* End PBXVariantGroup section */

/* Begin XCBuildConfiguration section */
		7655E00F1ECDB81C002730CC /* Debug */ = {
			isa = XCBuildConfiguration;
			buildSettings = {
				ALWAYS_SEARCH_USER_PATHS = NO;
				CLANG_ANALYZER_NONNULL = YES;
				CLANG_ANALYZER_NUMBER_OBJECT_CONVERSION = YES_AGGRESSIVE;
				CLANG_CXX_LANGUAGE_STANDARD = "gnu++0x";
				CLANG_CXX_LIBRARY = "libc++";
				CLANG_ENABLE_MODULES = YES;
				CLANG_ENABLE_OBJC_ARC = YES;
				CLANG_WARN_BOOL_CONVERSION = YES;
				CLANG_WARN_CONSTANT_CONVERSION = YES;
				CLANG_WARN_DIRECT_OBJC_ISA_USAGE = YES_ERROR;
				CLANG_WARN_DOCUMENTATION_COMMENTS = YES;
				CLANG_WARN_EMPTY_BODY = YES;
				CLANG_WARN_ENUM_CONVERSION = YES;
				CLANG_WARN_INFINITE_RECURSION = YES;
				CLANG_WARN_INT_CONVERSION = YES;
				CLANG_WARN_OBJC_ROOT_CLASS = YES_ERROR;
				CLANG_WARN_SUSPICIOUS_MOVE = YES;
				CLANG_WARN_UNREACHABLE_CODE = YES;
				CLANG_WARN__DUPLICATE_METHOD_MATCH = YES;
				"CODE_SIGN_IDENTITY[sdk=iphoneos*]" = "iPhone Developer";
				COPY_PHASE_STRIP = NO;
				DEBUG_INFORMATION_FORMAT = dwarf;
				ENABLE_STRICT_OBJC_MSGSEND = YES;
				ENABLE_TESTABILITY = YES;
				GCC_C_LANGUAGE_STANDARD = gnu99;
				GCC_DYNAMIC_NO_PIC = NO;
				GCC_NO_COMMON_BLOCKS = YES;
				GCC_OPTIMIZATION_LEVEL = 0;
				GCC_PREPROCESSOR_DEFINITIONS = (
					"DEBUG=1",
					"$(inherited)",
				);
				GCC_WARN_64_TO_32_BIT_CONVERSION = YES;
				GCC_WARN_ABOUT_RETURN_TYPE = YES_ERROR;
				GCC_WARN_UNDECLARED_SELECTOR = YES;
				GCC_WARN_UNINITIALIZED_AUTOS = YES_AGGRESSIVE;
				GCC_WARN_UNUSED_FUNCTION = YES;
				GCC_WARN_UNUSED_VARIABLE = YES;
				IPHONEOS_DEPLOYMENT_TARGET = 10.3;
				MTL_ENABLE_DEBUG_INFO = YES;
				ONLY_ACTIVE_ARCH = YES;
				SDKROOT = iphoneos;
				SWIFT_ACTIVE_COMPILATION_CONDITIONS = DEBUG;
				SWIFT_OPTIMIZATION_LEVEL = "-Onone";
				TARGETED_DEVICE_FAMILY = "1,2";
			};
			name = Debug;
		};
		7655E0101ECDB81C002730CC /* Release */ = {
			isa = XCBuildConfiguration;
			buildSettings = {
				ALWAYS_SEARCH_USER_PATHS = NO;
				CLANG_ANALYZER_NONNULL = YES;
				CLANG_ANALYZER_NUMBER_OBJECT_CONVERSION = YES_AGGRESSIVE;
				CLANG_CXX_LANGUAGE_STANDARD = "gnu++0x";
				CLANG_CXX_LIBRARY = "libc++";
				CLANG_ENABLE_MODULES = YES;
				CLANG_ENABLE_OBJC_ARC = YES;
				CLANG_WARN_BOOL_CONVERSION = YES;
				CLANG_WARN_CONSTANT_CONVERSION = YES;
				CLANG_WARN_DIRECT_OBJC_ISA_USAGE = YES_ERROR;
				CLANG_WARN_DOCUMENTATION_COMMENTS = YES;
				CLANG_WARN_EMPTY_BODY = YES;
				CLANG_WARN_ENUM_CONVERSION = YES;
				CLANG_WARN_INFINITE_RECURSION = YES;
				CLANG_WARN_INT_CONVERSION = YES;
				CLANG_WARN_OBJC_ROOT_CLASS = YES_ERROR;
				CLANG_WARN_SUSPICIOUS_MOVE = YES;
				CLANG_WARN_UNREACHABLE_CODE = YES;
				CLANG_WARN__DUPLICATE_METHOD_MATCH = YES;
				"CODE_SIGN_IDENTITY[sdk=iphoneos*]" = "iPhone Developer";
				COPY_PHASE_STRIP = NO;
				DEBUG_INFORMATION_FORMAT = "dwarf-with-dsym";
				ENABLE_NS_ASSERTIONS = NO;
				ENABLE_STRICT_OBJC_MSGSEND = YES;
				GCC_C_LANGUAGE_STANDARD = gnu99;
				GCC_NO_COMMON_BLOCKS = YES;
				GCC_WARN_64_TO_32_BIT_CONVERSION = YES;
				GCC_WARN_ABOUT_RETURN_TYPE = YES_ERROR;
				GCC_WARN_UNDECLARED_SELECTOR = YES;
				GCC_WARN_UNINITIALIZED_AUTOS = YES_AGGRESSIVE;
				GCC_WARN_UNUSED_FUNCTION = YES;
				GCC_WARN_UNUSED_VARIABLE = YES;
				IPHONEOS_DEPLOYMENT_TARGET = 10.3;
				MTL_ENABLE_DEBUG_INFO = NO;
				SDKROOT = iphoneos;
				SWIFT_OPTIMIZATION_LEVEL = "-Owholemodule";
				TARGETED_DEVICE_FAMILY = "1,2";
				VALIDATE_PRODUCT = YES;
			};
			name = Release;
		};
		7655E0121ECDB81C002730CC /* Debug */ = {
			isa = XCBuildConfiguration;
			buildSettings = {
				ASSETCATALOG_COMPILER_APPICON_NAME = AppIcon;
				INFOPLIST_FILE = Photorama/Info.plist;
				LD_RUNPATH_SEARCH_PATHS = "$(inherited) @executable_path/Frameworks";
				PRODUCT_BUNDLE_IDENTIFIER = com.cyberpenguin.Photorama;
				PRODUCT_NAME = "$(TARGET_NAME)";
				SWIFT_VERSION = 3.0;
			};
			name = Debug;
		};
		7655E0131ECDB81C002730CC /* Release */ = {
			isa = XCBuildConfiguration;
			buildSettings = {
				ASSETCATALOG_COMPILER_APPICON_NAME = AppIcon;
				INFOPLIST_FILE = Photorama/Info.plist;
				LD_RUNPATH_SEARCH_PATHS = "$(inherited) @executable_path/Frameworks";
				PRODUCT_BUNDLE_IDENTIFIER = com.cyberpenguin.Photorama;
				PRODUCT_NAME = "$(TARGET_NAME)";
				SWIFT_VERSION = 3.0;
			};
			name = Release;
		};
		7655E0151ECDB81C002730CC /* Debug */ = {
			isa = XCBuildConfiguration;
			buildSettings = {
				ALWAYS_EMBED_SWIFT_STANDARD_LIBRARIES = YES;
				BUNDLE_LOADER = "$(TEST_HOST)";
				INFOPLIST_FILE = PhotoramaTests/Info.plist;
				LD_RUNPATH_SEARCH_PATHS = "$(inherited) @executable_path/Frameworks @loader_path/Frameworks";
				PRODUCT_BUNDLE_IDENTIFIER = com.cyberpenguin.PhotoramaTests;
				PRODUCT_NAME = "$(TARGET_NAME)";
				SWIFT_VERSION = 3.0;
				TEST_HOST = "$(BUILT_PRODUCTS_DIR)/Photorama.app/Photorama";
			};
			name = Debug;
		};
		7655E0161ECDB81C002730CC /* Release */ = {
			isa = XCBuildConfiguration;
			buildSettings = {
				ALWAYS_EMBED_SWIFT_STANDARD_LIBRARIES = YES;
				BUNDLE_LOADER = "$(TEST_HOST)";
				INFOPLIST_FILE = PhotoramaTests/Info.plist;
				LD_RUNPATH_SEARCH_PATHS = "$(inherited) @executable_path/Frameworks @loader_path/Frameworks";
				PRODUCT_BUNDLE_IDENTIFIER = com.cyberpenguin.PhotoramaTests;
				PRODUCT_NAME = "$(TARGET_NAME)";
				SWIFT_VERSION = 3.0;
				TEST_HOST = "$(BUILT_PRODUCTS_DIR)/Photorama.app/Photorama";
			};
			name = Release;
		};
		7655E0181ECDB81C002730CC /* Debug */ = {
			isa = XCBuildConfiguration;
			buildSettings = {
				ALWAYS_EMBED_SWIFT_STANDARD_LIBRARIES = YES;
				INFOPLIST_FILE = PhotoramaUITests/Info.plist;
				LD_RUNPATH_SEARCH_PATHS = "$(inherited) @executable_path/Frameworks @loader_path/Frameworks";
				PRODUCT_BUNDLE_IDENTIFIER = com.cyberpenguin.PhotoramaUITests;
				PRODUCT_NAME = "$(TARGET_NAME)";
				SWIFT_VERSION = 3.0;
				TEST_TARGET_NAME = Photorama;
			};
			name = Debug;
		};
		7655E0191ECDB81C002730CC /* Release */ = {
			isa = XCBuildConfiguration;
			buildSettings = {
				ALWAYS_EMBED_SWIFT_STANDARD_LIBRARIES = YES;
				INFOPLIST_FILE = PhotoramaUITests/Info.plist;
				LD_RUNPATH_SEARCH_PATHS = "$(inherited) @executable_path/Frameworks @loader_path/Frameworks";
				PRODUCT_BUNDLE_IDENTIFIER = com.cyberpenguin.PhotoramaUITests;
				PRODUCT_NAME = "$(TARGET_NAME)";
				SWIFT_VERSION = 3.0;
				TEST_TARGET_NAME = Photorama;
			};
			name = Release;
		};
/* End XCBuildConfiguration section */

/* Begin XCConfigurationList section */
		7655DFE41ECDB81C002730CC /* Build configuration list for PBXProject "Photorama" */ = {
			isa = XCConfigurationList;
			buildConfigurations = (
				7655E00F1ECDB81C002730CC /* Debug */,
				7655E0101ECDB81C002730CC /* Release */,
			);
			defaultConfigurationIsVisible = 0;
			defaultConfigurationName = Release;
		};
		7655E0111ECDB81C002730CC /* Build configuration list for PBXNativeTarget "Photorama" */ = {
			isa = XCConfigurationList;
			buildConfigurations = (
				7655E0121ECDB81C002730CC /* Debug */,
				7655E0131ECDB81C002730CC /* Release */,
			);
			defaultConfigurationIsVisible = 0;
			defaultConfigurationName = Release;
		};
		7655E0141ECDB81C002730CC /* Build configuration list for PBXNativeTarget "PhotoramaTests" */ = {
			isa = XCConfigurationList;
			buildConfigurations = (
				7655E0151ECDB81C002730CC /* Debug */,
				7655E0161ECDB81C002730CC /* Release */,
			);
			defaultConfigurationIsVisible = 0;
			defaultConfigurationName = Release;
		};
		7655E0171ECDB81C002730CC /* Build configuration list for PBXNativeTarget "PhotoramaUITests" */ = {
			isa = XCConfigurationList;
			buildConfigurations = (
				7655E0181ECDB81C002730CC /* Debug */,
				7655E0191ECDB81C002730CC /* Release */,
			);
			defaultConfigurationIsVisible = 0;
			defaultConfigurationName = Release;
		};
/* End XCConfigurationList section */

/* Begin XCVersionGroup section */
		7607A1DD1ECFF37A00E966AC /* Photorama.xcdatamodeld */ = {
			isa = XCVersionGroup;
			children = (
				7607A1DE1ECFF37A00E966AC /* Photorama.xcdatamodel */,
			);
			currentVersion = 7607A1DE1ECFF37A00E966AC /* Photorama.xcdatamodel */;
			path = Photorama.xcdatamodeld;
			sourceTree = "<group>";
			versionGroupType = wrapper.xcdatamodel;
		};
/* End XCVersionGroup section */
	};
	rootObject = 7655DFE11ECDB81C002730CC /* Project object */;
}
